code.hybscloud.com/iofd v0.3.0 h1:EsU7UVipqAGcA5Px3/9KH91ZTY/tN7V2uxFld8qZ/zU=
code.hybscloud.com/iofd v0.3.0/go.mod h1:bDvW+MyPuSW16aPGfSjm6lVC6HVUIO6LAes4P++FC6A=
code.hybscloud.com/iox v0.3.0 h1:oJrw/edwKjrf3Dh1QYME0mMJlIIEX0eHJSad9YmNjhY=
code.hybscloud.com/iox v0.3.0/go.mod h1:iI+veuSidBEVjVhhlm7vpnmuloWYTigfSsOIh342i3s=
code.hybscloud.com/zcall v0.2.0 h1:+zbO8YALG63jH7cnRFwqGkDfrpQ1ox/6tmBcZk+LfoY=
code.hybscloud.com/zcall v0.2.0/go.mod h1:RNcKUBiWYgoJgcEehN/+nS66mJ8Ux9RdSNiQ/cNqu5E=
