code.hybscloud.com/iofd v0.3.4 h1:RewH8MKtz0GUPaJZiEpssxJBzgS4V8J8iYowP8TVIts=
code.hybscloud.com/iofd v0.3.4/go.mod h1:BCt1A8Y9KzYuVesBVHVWYHfTxGdR8XFbTm6eq/nWu50=
code.hybscloud.com/iox v0.3.4 h1:2FMPyFH/AAkRAru/zKeo2oaIrmZgLdc4QDfVjKhGXCs=
code.hybscloud.com/iox v0.3.4/go.mod h1:LNxkaP3I0NWbnV2ia5zye8VMrk9kRCGbeIRZR2eGePA=
code.hybscloud.com/zcall v0.3.1 h1:c4jaTy2aWsW8v2cyGw5FA/rbPBjPXwRuxVgsmnLGvak=
code.hybscloud.com/zcall v0.3.1/go.mod h1:KvMSYCr1JbOj6y/WNeGKGY+a8+Q0hN1egbhSgAp+NqQ=
